
Microsoft Visual Studio Solution File, Format Version 12.00
# Visual Studio Version 17
VisualStudioVersion = 17.13.35931.197 d17.13
MinimumVisualStudioVersion = 10.0.40219.1
Project("{FAE04EC0-301F-11D3-BF4B-00C04F79EFBC}") = "BeerSender.Domain", "BeerSender.Domain\BeerSender.Domain.csproj", "{B7524BC1-6AE1-483C-902B-29FB0EC7A144}"
EndProject
Project("{FAE04EC0-301F-11D3-BF4B-00C04F79EFBC}") = "BeerSender.Domain.Tests", "BeerSender.Domain.Tests\BeerSender.Domain.Tests.csproj", "{09889F8D-FCC3-4AD4-87A9-216E426A1096}"
EndProject
Global
	GlobalSection(SolutionConfigurationPlatforms) = preSolution
		Debug|Any CPU = Debug|Any CPU
		Release|Any CPU = Release|Any CPU
	EndGlobalSection
	GlobalSection(ProjectConfigurationPlatforms) = postSolution
		{B7524BC1-6AE1-483C-902B-29FB0EC7A144}.Debug|Any CPU.ActiveCfg = Debug|Any CPU
		{B7524BC1-6AE1-483C-902B-29FB0EC7A144}.Debug|Any CPU.Build.0 = Debug|Any CPU
		{B7524BC1-6AE1-483C-902B-29FB0EC7A144}.Release|Any CPU.ActiveCfg = Release|Any CPU
		{B7524BC1-6AE1-483C-902B-29FB0EC7A144}.Release|Any CPU.Build.0 = Release|Any CPU
		{09889F8D-FCC3-4AD4-87A9-216E426A1096}.Debug|Any CPU.ActiveCfg = Debug|Any CPU
		{09889F8D-FCC3-4AD4-87A9-216E426A1096}.Debug|Any CPU.Build.0 = Debug|Any CPU
		{09889F8D-FCC3-4AD4-87A9-216E426A1096}.Release|Any CPU.ActiveCfg = Release|Any CPU
		{09889F8D-FCC3-4AD4-87A9-216E426A1096}.Release|Any CPU.Build.0 = Release|Any CPU
	EndGlobalSection
	GlobalSection(SolutionProperties) = preSolution
		HideSolutionNode = FALSE
	EndGlobalSection
	GlobalSection(ExtensibilityGlobals) = postSolution
		SolutionGuid = {907006B7-F06E-4060-B532-8E923C58422D}
	EndGlobalSection
EndGlobal
